
Microsoft Visual Studio Solution File, Format Version 12.00
# Visual Studio Version 16
VisualStudioVersion = 16.0.30804.86
MinimumVisualStudioVersion = 10.0.40219.1
Project("{888888A0-9F3D-457C-B088-3A5042F75D52}") = "z2", "z2\z2.pyproj", "{6690FEDD-DAAF-4109-9932-3AFBD4EA6DCF}"
EndProject
Global
	GlobalSection(SolutionConfigurationPlatforms) = preSolution
		Debug|Any CPU = Debug|Any CPU
		Release|Any CPU = Release|Any CPU
	EndGlobalSection
	GlobalSection(ProjectConfigurationPlatforms) = postSolution
		{6690FEDD-DAAF-4109-9932-3AFBD4EA6DCF}.Debug|Any CPU.ActiveCfg = Debug|Any CPU
		{6690FEDD-DAAF-4109-9932-3AFBD4EA6DCF}.Release|Any CPU.ActiveCfg = Release|Any CPU
	EndGlobalSection
	GlobalSection(SolutionProperties) = preSolution
		HideSolutionNode = FALSE
	EndGlobalSection
	GlobalSection(ExtensibilityGlobals) = postSolution
		SolutionGuid = {B8EAC53B-D4A5-49B8-84B7-2C90E48C484D}
	EndGlobalSection
EndGlobal
